
Microsoft Visual Studio Solution File, Format Version 12.00
# Visual Studio 14
VisualStudioVersion = 14.0.25420.1
MinimumVisualStudioVersion = 10.0.40219.1
Project("{FAE04EC0-301F-11D3-BF4B-00C04F79EFBC}") = "TwStyleGuide", "TwStyleGuide\TwStyleGuide.csproj", "{22E6527E-056F-48B6-B1F7-E6584B4BE569}"
EndProject
Project("{FAE04EC0-301F-11D3-BF4B-00C04F79EFBC}") = "TwStyleGuide.Vsix", "TwStyleGuide.Vsix\TwStyleGuide.Vsix.csproj", "{6D798D66-7C83-42A3-85B9-FADAC14976E5}"
EndProject
Global
	GlobalSection(SolutionConfigurationPlatforms) = preSolution
		Debug|Any CPU = Debug|Any CPU
		Release|Any CPU = Release|Any CPU
	EndGlobalSection
	GlobalSection(ProjectConfigurationPlatforms) = postSolution
		{22E6527E-056F-48B6-B1F7-E6584B4BE569}.Debug|Any CPU.ActiveCfg = Debug|Any CPU
		{22E6527E-056F-48B6-B1F7-E6584B4BE569}.Debug|Any CPU.Build.0 = Debug|Any CPU
		{22E6527E-056F-48B6-B1F7-E6584B4BE569}.Release|Any CPU.ActiveCfg = Release|Any CPU
		{22E6527E-056F-48B6-B1F7-E6584B4BE569}.Release|Any CPU.Build.0 = Release|Any CPU
		{6D798D66-7C83-42A3-85B9-FADAC14976E5}.Debug|Any CPU.ActiveCfg = Debug|Any CPU
		{6D798D66-7C83-42A3-85B9-FADAC14976E5}.Debug|Any CPU.Build.0 = Debug|Any CPU
		{6D798D66-7C83-42A3-85B9-FADAC14976E5}.Release|Any CPU.ActiveCfg = Release|Any CPU
		{6D798D66-7C83-42A3-85B9-FADAC14976E5}.Release|Any CPU.Build.0 = Release|Any CPU
	EndGlobalSection
	GlobalSection(SolutionProperties) = preSolution
		HideSolutionNode = FALSE
	EndGlobalSection
EndGlobal
